
Microsoft Visual Studio Solution File, Format Version 12.00
# Visual Studio Version 17
VisualStudioVersion = 17.9.34723.18
MinimumVisualStudioVersion = 10.0.40219.1
Project("{FAE04EC0-301F-11D3-BF4B-00C04F79EFBC}") = "test console app", "test console app.csproj", "{7B530809-B59F-446D-BC07-FB6FA24E3D58}"
EndProject
Global
	GlobalSection(SolutionConfigurationPlatforms) = preSolution
		Debug|Any CPU = Debug|Any CPU
		Release|Any CPU = Release|Any CPU
	EndGlobalSection
	GlobalSection(ProjectConfigurationPlatforms) = postSolution
		{7B530809-B59F-446D-BC07-FB6FA24E3D58}.Debug|Any CPU.ActiveCfg = Debug|Any CPU
		{7B530809-B59F-446D-BC07-FB6FA24E3D58}.Debug|Any CPU.Build.0 = Debug|Any CPU
		{7B530809-B59F-446D-BC07-FB6FA24E3D58}.Release|Any CPU.ActiveCfg = Release|Any CPU
		{7B530809-B59F-446D-BC07-FB6FA24E3D58}.Release|Any CPU.Build.0 = Release|Any CPU
	EndGlobalSection
	GlobalSection(SolutionProperties) = preSolution
		HideSolutionNode = FALSE
	EndGlobalSection
	GlobalSection(ExtensibilityGlobals) = postSolution
		SolutionGuid = {5044B733-C305-43EF-BDAE-C6884E2281AD}
	EndGlobalSection
EndGlobal
